
Microsoft Visual Studio Solution File, Format Version 12.00
# Visual Studio 15
VisualStudioVersion = 15.0.28307.271
MinimumVisualStudioVersion = 10.0.40219.1
Project("{9A19103F-16F7-4668-BE54-9A1E7A4F7556}") = "LojaVirtual", "LojaVirtual\LojaVirtual.csproj", "{E0951F39-4FB2-4250-B82F-86921BCAD326}"
EndProject
Project("{2150E333-8FDC-42A3-9474-1A3956D46DE8}") = "PagarMe", "PagarMe", "{900E195B-CE2F-4409-8C92-60D17FF0D8BA}"
EndProject
Project("{9A19103F-16F7-4668-BE54-9A1E7A4F7556}") = "PagarMeCore", "..\PagarMe\PagarMeCore\PagarMeCore.csproj", "{58C15949-275D-4A46-BEC1-253F6A04F168}"
EndProject
Project("{D954291E-2A0B-460D-934E-DC6B0785DB48}") = "PagarMe.Shared", "..\PagarMe\PagarMe.Shared\PagarMe.Shared.shproj", "{A1E35F76-C32B-4490-BB52-282A27E0A37D}"
EndProject
Global
	GlobalSection(SharedMSBuildProjectFiles) = preSolution
		..\PagarMe\PagarMe.Shared\PagarMe.Shared.projitems*{a1e35f76-c32b-4490-bb52-282a27e0a37d}*SharedItemsImports = 13
	EndGlobalSection
	GlobalSection(SolutionConfigurationPlatforms) = preSolution
		Debug|Any CPU = Debug|Any CPU
		Release|Any CPU = Release|Any CPU
	EndGlobalSection
	GlobalSection(ProjectConfigurationPlatforms) = postSolution
		{E0951F39-4FB2-4250-B82F-86921BCAD326}.Debug|Any CPU.ActiveCfg = Debug|Any CPU
		{E0951F39-4FB2-4250-B82F-86921BCAD326}.Debug|Any CPU.Build.0 = Debug|Any CPU
		{E0951F39-4FB2-4250-B82F-86921BCAD326}.Release|Any CPU.ActiveCfg = Release|Any CPU
		{E0951F39-4FB2-4250-B82F-86921BCAD326}.Release|Any CPU.Build.0 = Release|Any CPU
		{58C15949-275D-4A46-BEC1-253F6A04F168}.Debug|Any CPU.ActiveCfg = Debug|Any CPU
		{58C15949-275D-4A46-BEC1-253F6A04F168}.Debug|Any CPU.Build.0 = Debug|Any CPU
		{58C15949-275D-4A46-BEC1-253F6A04F168}.Release|Any CPU.ActiveCfg = Release|Any CPU
		{58C15949-275D-4A46-BEC1-253F6A04F168}.Release|Any CPU.Build.0 = Release|Any CPU
	EndGlobalSection
	GlobalSection(SolutionProperties) = preSolution
		HideSolutionNode = FALSE
	EndGlobalSection
	GlobalSection(NestedProjects) = preSolution
		{58C15949-275D-4A46-BEC1-253F6A04F168} = {900E195B-CE2F-4409-8C92-60D17FF0D8BA}
		{A1E35F76-C32B-4490-BB52-282A27E0A37D} = {900E195B-CE2F-4409-8C92-60D17FF0D8BA}
	EndGlobalSection
	GlobalSection(ExtensibilityGlobals) = postSolution
		SolutionGuid = {FFCE8D73-F4F7-4D7A-AC86-1943E3F96258}
	EndGlobalSection
EndGlobal
